// !$*UTF8*$!
{
	archiveVersion = 1;
	classes = {
	};
	objectVersion = 50;
	objects = {

/* Begin PBXBuildFile section */
		2A88AC7F21A07A9F005854DD /* NBOCoordinator.swift in Sources */ = {isa = PBXBuildFile; fileRef = 2A88AC7E21A07A9F005854DD /* NBOCoordinator.swift */; };
		2A88AC8121A07AF7005854DD /* NBOApplicationCoordinator.swift in Sources */ = {isa = PBXBuildFile; fileRef = 2A88AC8021A07AF7005854DD /* NBOApplicationCoordinator.swift */; };
		2A88AC8321A0ABDD005854DD /* NBOLogInCoordinator.swift in Sources */ = {isa = PBXBuildFile; fileRef = 2A88AC8221A0ABDD005854DD /* NBOLogInCoordinator.swift */; };
		2A88AC8521A0AC12005854DD /* NBOUserProgressCoordinator.swift in Sources */ = {isa = PBXBuildFile; fileRef = 2A88AC8421A0AC12005854DD /* NBOUserProgressCoordinator.swift */; };
		2A88AC8721A0AC2F005854DD /* NBOActivitiesCoordinator.swift in Sources */ = {isa = PBXBuildFile; fileRef = 2A88AC8621A0AC2F005854DD /* NBOActivitiesCoordinator.swift */; };
		2A88AC8D21A3088E005854DD /* NBOUserOfficeProgressViewController.swift in Sources */ = {isa = PBXBuildFile; fileRef = 2A88AC8B21A3088E005854DD /* NBOUserOfficeProgressViewController.swift */; };
		2A88AC8E21A3088E005854DD /* NBOUserOfficeProgressViewController.xib in Resources */ = {isa = PBXBuildFile; fileRef = 2A88AC8C21A3088E005854DD /* NBOUserOfficeProgressViewController.xib */; };
		2A88AC9321A31751005854DD /* NBOUserOfficeProgressCollectionViewCell.swift in Sources */ = {isa = PBXBuildFile; fileRef = 2A88AC9121A31751005854DD /* NBOUserOfficeProgressCollectionViewCell.swift */; };
		2A88AC9421A31751005854DD /* NBOUserOfficeProgressCollectionViewCell.xib in Resources */ = {isa = PBXBuildFile; fileRef = 2A88AC9221A31751005854DD /* NBOUserOfficeProgressCollectionViewCell.xib */; };
		2AE1CAF32159806F00D5D419 /* AppDelegate.swift in Sources */ = {isa = PBXBuildFile; fileRef = 2AE1CAF22159806F00D5D419 /* AppDelegate.swift */; };
		2AE1CAFA2159807100D5D419 /* Assets.xcassets in Resources */ = {isa = PBXBuildFile; fileRef = 2AE1CAF92159807100D5D419 /* Assets.xcassets */; };
		2AE1CAFD2159807100D5D419 /* LaunchScreen.storyboard in Resources */ = {isa = PBXBuildFile; fileRef = 2AE1CAFB2159807100D5D419 /* LaunchScreen.storyboard */; };
		FEC3978C21AA054B00A56756 /* RealmSwift.framework in Frameworks */ = {isa = PBXBuildFile; fileRef = FEC3978A21AA054B00A56756 /* RealmSwift.framework */; };
		FEC3978D21AA054B00A56756 /* Realm.framework in Frameworks */ = {isa = PBXBuildFile; fileRef = FEC3978B21AA054B00A56756 /* Realm.framework */; };
		FEC3979321AA093100A56756 /* NBOPlayer.swift in Sources */ = {isa = PBXBuildFile; fileRef = FEC3979221AA093100A56756 /* NBOPlayer.swift */; };
		FEC3979521AA0B5B00A56756 /* NBOPlayerOfficeProgress.swift in Sources */ = {isa = PBXBuildFile; fileRef = FEC3979421AA0B5B00A56756 /* NBOPlayerOfficeProgress.swift */; };
		FEC3979721AA0B8900A56756 /* NBOOfiice.swift in Sources */ = {isa = PBXBuildFile; fileRef = FEC3979621AA0B8900A56756 /* NBOOfiice.swift */; };
		FEC3979921AA26CE00A56756 /* Player.swift in Sources */ = {isa = PBXBuildFile; fileRef = FEC3979821AA26CE00A56756 /* Player.swift */; };
		FEC3979B21AA27C500A56756 /* Office.swift in Sources */ = {isa = PBXBuildFile; fileRef = FEC3979A21AA27C500A56756 /* Office.swift */; };
		FEC3979D21AA282E00A56756 /* PlayerOfficeProgress.swift in Sources */ = {isa = PBXBuildFile; fileRef = FEC3979C21AA282E00A56756 /* PlayerOfficeProgress.swift */; };
		FEC397A021AA2BDF00A56756 /* PersistenceHelper.swift in Sources */ = {isa = PBXBuildFile; fileRef = FEC3979F21AA2BDF00A56756 /* PersistenceHelper.swift */; };
		FEC397A221AA3EEF00A56756 /* NBOPlayer+Persistence.swift in Sources */ = {isa = PBXBuildFile; fileRef = FEC397A121AA3EEF00A56756 /* NBOPlayer+Persistence.swift */; };
		FEC397A421AA4C5200A56756 /* NBOOffice+Persistence.swift in Sources */ = {isa = PBXBuildFile; fileRef = FEC397A321AA4C5200A56756 /* NBOOffice+Persistence.swift */; };
		FEC397A621AA4EBD00A56756 /* NBOPlayerOfficeProgress+Persistence.swift in Sources */ = {isa = PBXBuildFile; fileRef = FEC397A521AA4EBD00A56756 /* NBOPlayerOfficeProgress+Persistence.swift */; };
/* End PBXBuildFile section */

/* Begin PBXFileReference section */
		2A88AC7E21A07A9F005854DD /* NBOCoordinator.swift */ = {isa = PBXFileReference; lastKnownFileType = sourcecode.swift; path = NBOCoordinator.swift; sourceTree = "<group>"; };
		2A88AC8021A07AF7005854DD /* NBOApplicationCoordinator.swift */ = {isa = PBXFileReference; lastKnownFileType = sourcecode.swift; path = NBOApplicationCoordinator.swift; sourceTree = "<group>"; };
		2A88AC8221A0ABDD005854DD /* NBOLogInCoordinator.swift */ = {isa = PBXFileReference; lastKnownFileType = sourcecode.swift; path = NBOLogInCoordinator.swift; sourceTree = "<group>"; };
		2A88AC8421A0AC12005854DD /* NBOUserProgressCoordinator.swift */ = {isa = PBXFileReference; lastKnownFileType = sourcecode.swift; path = NBOUserProgressCoordinator.swift; sourceTree = "<group>"; };
		2A88AC8621A0AC2F005854DD /* NBOActivitiesCoordinator.swift */ = {isa = PBXFileReference; lastKnownFileType = sourcecode.swift; path = NBOActivitiesCoordinator.swift; sourceTree = "<group>"; };
		2A88AC8B21A3088E005854DD /* NBOUserOfficeProgressViewController.swift */ = {isa = PBXFileReference; lastKnownFileType = sourcecode.swift; path = NBOUserOfficeProgressViewController.swift; sourceTree = "<group>"; };
		2A88AC8C21A3088E005854DD /* NBOUserOfficeProgressViewController.xib */ = {isa = PBXFileReference; lastKnownFileType = file.xib; path = NBOUserOfficeProgressViewController.xib; sourceTree = "<group>"; };
		2A88AC9121A31751005854DD /* NBOUserOfficeProgressCollectionViewCell.swift */ = {isa = PBXFileReference; lastKnownFileType = sourcecode.swift; path = NBOUserOfficeProgressCollectionViewCell.swift; sourceTree = "<group>"; };
		2A88AC9221A31751005854DD /* NBOUserOfficeProgressCollectionViewCell.xib */ = {isa = PBXFileReference; lastKnownFileType = file.xib; path = NBOUserOfficeProgressCollectionViewCell.xib; sourceTree = "<group>"; };
		2AE1CAEF2159806F00D5D419 /* NBO Gamification.app */ = {isa = PBXFileReference; explicitFileType = wrapper.application; includeInIndex = 0; path = "NBO Gamification.app"; sourceTree = BUILT_PRODUCTS_DIR; };
		2AE1CAF22159806F00D5D419 /* AppDelegate.swift */ = {isa = PBXFileReference; lastKnownFileType = sourcecode.swift; path = AppDelegate.swift; sourceTree = "<group>"; };
		2AE1CAF92159807100D5D419 /* Assets.xcassets */ = {isa = PBXFileReference; lastKnownFileType = folder.assetcatalog; path = Assets.xcassets; sourceTree = "<group>"; };
		2AE1CAFC2159807100D5D419 /* Base */ = {isa = PBXFileReference; lastKnownFileType = file.storyboard; name = Base; path = Base.lproj/LaunchScreen.storyboard; sourceTree = "<group>"; };
		2AE1CAFE2159807100D5D419 /* Info.plist */ = {isa = PBXFileReference; lastKnownFileType = text.plist.xml; path = Info.plist; sourceTree = "<group>"; };
		FEC3978A21AA054B00A56756 /* RealmSwift.framework */ = {isa = PBXFileReference; lastKnownFileType = wrapper.framework; name = RealmSwift.framework; path = Carthage/Build/iOS/RealmSwift.framework; sourceTree = "<group>"; };
		FEC3978B21AA054B00A56756 /* Realm.framework */ = {isa = PBXFileReference; lastKnownFileType = wrapper.framework; name = Realm.framework; path = Carthage/Build/iOS/Realm.framework; sourceTree = "<group>"; };
		FEC3979221AA093100A56756 /* NBOPlayer.swift */ = {isa = PBXFileReference; lastKnownFileType = sourcecode.swift; path = NBOPlayer.swift; sourceTree = "<group>"; };
		FEC3979421AA0B5B00A56756 /* NBOPlayerOfficeProgress.swift */ = {isa = PBXFileReference; lastKnownFileType = sourcecode.swift; path = NBOPlayerOfficeProgress.swift; sourceTree = "<group>"; };
		FEC3979621AA0B8900A56756 /* NBOOfiice.swift */ = {isa = PBXFileReference; lastKnownFileType = sourcecode.swift; path = NBOOfiice.swift; sourceTree = "<group>"; };
		FEC3979821AA26CE00A56756 /* Player.swift */ = {isa = PBXFileReference; lastKnownFileType = sourcecode.swift; path = Player.swift; sourceTree = "<group>"; };
		FEC3979A21AA27C500A56756 /* Office.swift */ = {isa = PBXFileReference; lastKnownFileType = sourcecode.swift; path = Office.swift; sourceTree = "<group>"; };
		FEC3979C21AA282E00A56756 /* PlayerOfficeProgress.swift */ = {isa = PBXFileReference; lastKnownFileType = sourcecode.swift; path = PlayerOfficeProgress.swift; sourceTree = "<group>"; };
		FEC3979F21AA2BDF00A56756 /* PersistenceHelper.swift */ = {isa = PBXFileReference; lastKnownFileType = sourcecode.swift; path = PersistenceHelper.swift; sourceTree = "<group>"; };
		FEC397A121AA3EEF00A56756 /* NBOPlayer+Persistence.swift */ = {isa = PBXFileReference; lastKnownFileType = sourcecode.swift; path = "NBOPlayer+Persistence.swift"; sourceTree = "<group>"; };
		FEC397A321AA4C5200A56756 /* NBOOffice+Persistence.swift */ = {isa = PBXFileReference; lastKnownFileType = sourcecode.swift; path = "NBOOffice+Persistence.swift"; sourceTree = "<group>"; };
		FEC397A521AA4EBD00A56756 /* NBOPlayerOfficeProgress+Persistence.swift */ = {isa = PBXFileReference; lastKnownFileType = sourcecode.swift; path = "NBOPlayerOfficeProgress+Persistence.swift"; sourceTree = "<group>"; };
/* End PBXFileReference section */

/* Begin PBXFrameworksBuildPhase section */
		2AE1CAEC2159806F00D5D419 /* Frameworks */ = {
			isa = PBXFrameworksBuildPhase;
			buildActionMask = 2147483647;
			files = (
				FEC3978C21AA054B00A56756 /* RealmSwift.framework in Frameworks */,
				FEC3978D21AA054B00A56756 /* Realm.framework in Frameworks */,
			);
			runOnlyForDeploymentPostprocessing = 0;
		};
/* End PBXFrameworksBuildPhase section */

/* Begin PBXGroup section */
		2A88AC7621A07652005854DD /* Application */ = {
			isa = PBXGroup;
			children = (
				2AE1CAF22159806F00D5D419 /* AppDelegate.swift */,
			);
			path = Application;
			sourceTree = "<group>";
		};
		2A88AC7721A0766B005854DD /* Assets */ = {
			isa = PBXGroup;
			children = (
				2AE1CAF92159807100D5D419 /* Assets.xcassets */,
				2AE1CAFB2159807100D5D419 /* LaunchScreen.storyboard */,
			);
			path = Assets;
			sourceTree = "<group>";
		};
		2A88AC7821A07785005854DD /* Coordinators */ = {
			isa = PBXGroup;
			children = (
				2A88AC7E21A07A9F005854DD /* NBOCoordinator.swift */,
				2A88AC8021A07AF7005854DD /* NBOApplicationCoordinator.swift */,
				2A88AC8221A0ABDD005854DD /* NBOLogInCoordinator.swift */,
				2A88AC8421A0AC12005854DD /* NBOUserProgressCoordinator.swift */,
				2A88AC8621A0AC2F005854DD /* NBOActivitiesCoordinator.swift */,
			);
			path = Coordinators;
			sourceTree = "<group>";
		};
		2A88AC7921A07794005854DD /* ViewControllers */ = {
			isa = PBXGroup;
			children = (
				2A88AC8B21A3088E005854DD /* NBOUserOfficeProgressViewController.swift */,
				2A88AC8C21A3088E005854DD /* NBOUserOfficeProgressViewController.xib */,
			);
			path = ViewControllers;
			sourceTree = "<group>";
		};
		2A88AC7A21A077AF005854DD /* Views */ = {
			isa = PBXGroup;
			children = (
				2A88AC9121A31751005854DD /* NBOUserOfficeProgressCollectionViewCell.swift */,
				2A88AC9221A31751005854DD /* NBOUserOfficeProgressCollectionViewCell.xib */,
			);
			path = Views;
			sourceTree = "<group>";
		};
		2A88AC7C21A0784A005854DD /* UI */ = {
			isa = PBXGroup;
			children = (
				2A88AC7721A0766B005854DD /* Assets */,
				2A88AC7921A07794005854DD /* ViewControllers */,
				2A88AC7A21A077AF005854DD /* Views */,
			);
			path = UI;
			sourceTree = "<group>";
		};
		2A88AC7D21A0788E005854DD /* Networking */ = {
			isa = PBXGroup;
			children = (
			);
			path = Networking;
			sourceTree = "<group>";
		};
		2A88AC8821A0AD68005854DD /* Tests */ = {
			isa = PBXGroup;
			children = (
			);
			path = Tests;
			sourceTree = "<group>";
		};
		2A88AC8921A30439005854DD /* Utils */ = {
			isa = PBXGroup;
			children = (
			);
			path = Utils;
			sourceTree = "<group>";
		};
		2AE1CAE62159806F00D5D419 = {
			isa = PBXGroup;
			children = (
				2AE1CAF12159806F00D5D419 /* NBO Gamification */,
				2AE1CAF02159806F00D5D419 /* Products */,
				FEC3978921AA054B00A56756 /* Frameworks */,
			);
			sourceTree = "<group>";
		};
		2AE1CAF02159806F00D5D419 /* Products */ = {
			isa = PBXGroup;
			children = (
				2AE1CAEF2159806F00D5D419 /* NBO Gamification.app */,
			);
			name = Products;
			sourceTree = "<group>";
		};
		2AE1CAF12159806F00D5D419 /* NBO Gamification */ = {
			isa = PBXGroup;
			children = (
				2A88AC7621A07652005854DD /* Application */,
				2A88AC7821A07785005854DD /* Coordinators */,
				2A88AC7C21A0784A005854DD /* UI */,
				2A88AC7D21A0788E005854DD /* Networking */,
				2A88AC8921A30439005854DD /* Utils */,
				FEC3979E21AA2B7B00A56756 /* Persistence */,
				FEC3979121AA090700A56756 /* Models */,
				FEC3978821A9ECEC00A56756 /* ImmutableModels */,
				2A88AC8821A0AD68005854DD /* Tests */,
				2AE1CAFE2159807100D5D419 /* Info.plist */,
			);
			path = "NBO Gamification";
			sourceTree = "<group>";
		};
		FEC3978821A9ECEC00A56756 /* ImmutableModels */ = {
			isa = PBXGroup;
			children = (
				FEC3979821AA26CE00A56756 /* Player.swift */,
				FEC3979A21AA27C500A56756 /* Office.swift */,
				FEC3979C21AA282E00A56756 /* PlayerOfficeProgress.swift */,
			);
			path = ImmutableModels;
			sourceTree = "<group>";
		};
		FEC3978921AA054B00A56756 /* Frameworks */ = {
			isa = PBXGroup;
			children = (
				FEC3978B21AA054B00A56756 /* Realm.framework */,
				FEC3978A21AA054B00A56756 /* RealmSwift.framework */,
			);
			name = Frameworks;
			sourceTree = "<group>";
		};
		FEC3979121AA090700A56756 /* Models */ = {
			isa = PBXGroup;
			children = (
				FEC3979221AA093100A56756 /* NBOPlayer.swift */,
				FEC3979421AA0B5B00A56756 /* NBOPlayerOfficeProgress.swift */,
				FEC3979621AA0B8900A56756 /* NBOOfiice.swift */,
			);
			path = Models;
			sourceTree = "<group>";
		};
		FEC3979E21AA2B7B00A56756 /* Persistence */ = {
			isa = PBXGroup;
			children = (
				FEC3979F21AA2BDF00A56756 /* PersistenceHelper.swift */,
				FEC397A121AA3EEF00A56756 /* NBOPlayer+Persistence.swift */,
				FEC397A321AA4C5200A56756 /* NBOOffice+Persistence.swift */,
				FEC397A521AA4EBD00A56756 /* NBOPlayerOfficeProgress+Persistence.swift */,
			);
			path = Persistence;
			sourceTree = "<group>";
		};
/* End PBXGroup section */

/* Begin PBXNativeTarget section */
		2AE1CAEE2159806F00D5D419 /* NBO Gamification */ = {
			isa = PBXNativeTarget;
			buildConfigurationList = 2AE1CB012159807100D5D419 /* Build configuration list for PBXNativeTarget "NBO Gamification" */;
			buildPhases = (
				2AE1CAEB2159806F00D5D419 /* Sources */,
				2AE1CAEC2159806F00D5D419 /* Frameworks */,
				2AE1CAED2159806F00D5D419 /* Resources */,
				FEC3978E21AA060000A56756 /* ShellScript */,
			);
			buildRules = (
			);
			dependencies = (
			);
			name = "NBO Gamification";
			productName = "NBO Gamification";
			productReference = 2AE1CAEF2159806F00D5D419 /* NBO Gamification.app */;
			productType = "com.apple.product-type.application";
		};
/* End PBXNativeTarget section */

/* Begin PBXProject section */
		2AE1CAE72159806F00D5D419 /* Project object */ = {
			isa = PBXProject;
			attributes = {
				LastSwiftUpdateCheck = 0930;
				LastUpgradeCheck = 0930;
				ORGANIZATIONNAME = nbogamification;
				TargetAttributes = {
					2AE1CAEE2159806F00D5D419 = {
						CreatedOnToolsVersion = 9.3;
					};
				};
			};
			buildConfigurationList = 2AE1CAEA2159806F00D5D419 /* Build configuration list for PBXProject "NBO Gamification" */;
			compatibilityVersion = "Xcode 9.3";
			developmentRegion = en;
			hasScannedForEncodings = 0;
			knownRegions = (
				en,
				Base,
			);
			mainGroup = 2AE1CAE62159806F00D5D419;
			productRefGroup = 2AE1CAF02159806F00D5D419 /* Products */;
			projectDirPath = "";
			projectRoot = "";
			targets = (
				2AE1CAEE2159806F00D5D419 /* NBO Gamification */,
			);
		};
/* End PBXProject section */

/* Begin PBXResourcesBuildPhase section */
		2AE1CAED2159806F00D5D419 /* Resources */ = {
			isa = PBXResourcesBuildPhase;
			buildActionMask = 2147483647;
			files = (
				2A88AC8E21A3088E005854DD /* NBOUserOfficeProgressViewController.xib in Resources */,
				2AE1CAFD2159807100D5D419 /* LaunchScreen.storyboard in Resources */,
				2A88AC9421A31751005854DD /* NBOUserOfficeProgressCollectionViewCell.xib in Resources */,
				2AE1CAFA2159807100D5D419 /* Assets.xcassets in Resources */,
			);
			runOnlyForDeploymentPostprocessing = 0;
		};
/* End PBXResourcesBuildPhase section */

/* Begin PBXShellScriptBuildPhase section */
		FEC3978E21AA060000A56756 /* ShellScript */ = {
			isa = PBXShellScriptBuildPhase;
			buildActionMask = 2147483647;
			files = (
			);
			inputFileListPaths = (
			);
			inputPaths = (
				"$(SRCROOT)/Carthage/Build/iOS/Realm.framework",
				"$(SRCROOT)/Carthage/Build/iOS/RealmSwift.framework",
			);
			outputFileListPaths = (
			);
			outputPaths = (
			);
			runOnlyForDeploymentPostprocessing = 0;
			shellPath = /bin/sh;
			shellScript = "/usr/local/bin/carthage copy-frameworks\n";
		};
/* End PBXShellScriptBuildPhase section */

/* Begin PBXSourcesBuildPhase section */
		2AE1CAEB2159806F00D5D419 /* Sources */ = {
			isa = PBXSourcesBuildPhase;
			buildActionMask = 2147483647;
			files = (
				FEC397A421AA4C5200A56756 /* NBOOffice+Persistence.swift in Sources */,
				2A88AC7F21A07A9F005854DD /* NBOCoordinator.swift in Sources */,
				2AE1CAF32159806F00D5D419 /* AppDelegate.swift in Sources */,
				FEC397A621AA4EBD00A56756 /* NBOPlayerOfficeProgress+Persistence.swift in Sources */,
				FEC397A221AA3EEF00A56756 /* NBOPlayer+Persistence.swift in Sources */,
				2A88AC8321A0ABDD005854DD /* NBOLogInCoordinator.swift in Sources */,
				FEC3979521AA0B5B00A56756 /* NBOPlayerOfficeProgress.swift in Sources */,
				FEC3979921AA26CE00A56756 /* Player.swift in Sources */,
				2A88AC8D21A3088E005854DD /* NBOUserOfficeProgressViewController.swift in Sources */,
				FEC3979321AA093100A56756 /* NBOPlayer.swift in Sources */,
				2A88AC8721A0AC2F005854DD /* NBOActivitiesCoordinator.swift in Sources */,
				2A88AC8521A0AC12005854DD /* NBOUserProgressCoordinator.swift in Sources */,
				2A88AC9321A31751005854DD /* NBOUserOfficeProgressCollectionViewCell.swift in Sources */,
				FEC3979B21AA27C500A56756 /* Office.swift in Sources */,
				2A88AC8121A07AF7005854DD /* NBOApplicationCoordinator.swift in Sources */,
				FEC3979721AA0B8900A56756 /* NBOOfiice.swift in Sources */,
				FEC397A021AA2BDF00A56756 /* PersistenceHelper.swift in Sources */,
				FEC3979D21AA282E00A56756 /* PlayerOfficeProgress.swift in Sources */,
			);
			runOnlyForDeploymentPostprocessing = 0;
		};
/* End PBXSourcesBuildPhase section */

/* Begin PBXVariantGroup section */
		2AE1CAFB2159807100D5D419 /* LaunchScreen.storyboard */ = {
			isa = PBXVariantGroup;
			children = (
				2AE1CAFC2159807100D5D419 /* Base */,
			);
			name = LaunchScreen.storyboard;
			sourceTree = "<group>";
		};
/* End PBXVariantGroup section */

/* Begin XCBuildConfiguration section */
		2AE1CAFF2159807100D5D419 /* Debug */ = {
			isa = XCBuildConfiguration;
			buildSettings = {
				ALWAYS_SEARCH_USER_PATHS = NO;
				CLANG_ANALYZER_NONNULL = YES;
				CLANG_ANALYZER_NUMBER_OBJECT_CONVERSION = YES_AGGRESSIVE;
				CLANG_CXX_LANGUAGE_STANDARD = "gnu++14";
				CLANG_CXX_LIBRARY = "libc++";
				CLANG_ENABLE_MODULES = YES;
				CLANG_ENABLE_OBJC_ARC = YES;
				CLANG_ENABLE_OBJC_WEAK = YES;
				CLANG_WARN_BLOCK_CAPTURE_AUTORELEASING = YES;
				CLANG_WARN_BOOL_CONVERSION = YES;
				CLANG_WARN_COMMA = YES;
				CLANG_WARN_CONSTANT_CONVERSION = YES;
				CLANG_WARN_DEPRECATED_OBJC_IMPLEMENTATIONS = YES;
				CLANG_WARN_DIRECT_OBJC_ISA_USAGE = YES_ERROR;
				CLANG_WARN_DOCUMENTATION_COMMENTS = YES;
				CLANG_WARN_EMPTY_BODY = YES;
				CLANG_WARN_ENUM_CONVERSION = YES;
				CLANG_WARN_INFINITE_RECURSION = YES;
				CLANG_WARN_INT_CONVERSION = YES;
				CLANG_WARN_NON_LITERAL_NULL_CONVERSION = YES;
				CLANG_WARN_OBJC_IMPLICIT_RETAIN_SELF = YES;
				CLANG_WARN_OBJC_LITERAL_CONVERSION = YES;
				CLANG_WARN_OBJC_ROOT_CLASS = YES_ERROR;
				CLANG_WARN_RANGE_LOOP_ANALYSIS = YES;
				CLANG_WARN_STRICT_PROTOTYPES = YES;
				CLANG_WARN_SUSPICIOUS_MOVE = YES;
				CLANG_WARN_UNGUARDED_AVAILABILITY = YES_AGGRESSIVE;
				CLANG_WARN_UNREACHABLE_CODE = YES;
				CLANG_WARN__DUPLICATE_METHOD_MATCH = YES;
				CODE_SIGN_IDENTITY = "iPhone Developer";
				COPY_PHASE_STRIP = NO;
				DEBUG_INFORMATION_FORMAT = dwarf;
				ENABLE_STRICT_OBJC_MSGSEND = YES;
				ENABLE_TESTABILITY = YES;
				GCC_C_LANGUAGE_STANDARD = gnu11;
				GCC_DYNAMIC_NO_PIC = NO;
				GCC_NO_COMMON_BLOCKS = YES;
				GCC_OPTIMIZATION_LEVEL = 0;
				GCC_PREPROCESSOR_DEFINITIONS = (
					"DEBUG=1",
					"$(inherited)",
				);
				GCC_WARN_64_TO_32_BIT_CONVERSION = YES;
				GCC_WARN_ABOUT_RETURN_TYPE = YES_ERROR;
				GCC_WARN_UNDECLARED_SELECTOR = YES;
				GCC_WARN_UNINITIALIZED_AUTOS = YES_AGGRESSIVE;
				GCC_WARN_UNUSED_FUNCTION = YES;
				GCC_WARN_UNUSED_VARIABLE = YES;
				IPHONEOS_DEPLOYMENT_TARGET = 11.3;
				MTL_ENABLE_DEBUG_INFO = YES;
				ONLY_ACTIVE_ARCH = YES;
				SDKROOT = iphoneos;
				SWIFT_ACTIVE_COMPILATION_CONDITIONS = DEBUG;
				SWIFT_OPTIMIZATION_LEVEL = "-Onone";
			};
			name = Debug;
		};
		2AE1CB002159807100D5D419 /* Release */ = {
			isa = XCBuildConfiguration;
			buildSettings = {
				ALWAYS_SEARCH_USER_PATHS = NO;
				CLANG_ANALYZER_NONNULL = YES;
				CLANG_ANALYZER_NUMBER_OBJECT_CONVERSION = YES_AGGRESSIVE;
				CLANG_CXX_LANGUAGE_STANDARD = "gnu++14";
				CLANG_CXX_LIBRARY = "libc++";
				CLANG_ENABLE_MODULES = YES;
				CLANG_ENABLE_OBJC_ARC = YES;
				CLANG_ENABLE_OBJC_WEAK = YES;
				CLANG_WARN_BLOCK_CAPTURE_AUTORELEASING = YES;
				CLANG_WARN_BOOL_CONVERSION = YES;
				CLANG_WARN_COMMA = YES;
				CLANG_WARN_CONSTANT_CONVERSION = YES;
				CLANG_WARN_DEPRECATED_OBJC_IMPLEMENTATIONS = YES;
				CLANG_WARN_DIRECT_OBJC_ISA_USAGE = YES_ERROR;
				CLANG_WARN_DOCUMENTATION_COMMENTS = YES;
				CLANG_WARN_EMPTY_BODY = YES;
				CLANG_WARN_ENUM_CONVERSION = YES;
				CLANG_WARN_INFINITE_RECURSION = YES;
				CLANG_WARN_INT_CONVERSION = YES;
				CLANG_WARN_NON_LITERAL_NULL_CONVERSION = YES;
				CLANG_WARN_OBJC_IMPLICIT_RETAIN_SELF = YES;
				CLANG_WARN_OBJC_LITERAL_CONVERSION = YES;
				CLANG_WARN_OBJC_ROOT_CLASS = YES_ERROR;
				CLANG_WARN_RANGE_LOOP_ANALYSIS = YES;
				CLANG_WARN_STRICT_PROTOTYPES = YES;
				CLANG_WARN_SUSPICIOUS_MOVE = YES;
				CLANG_WARN_UNGUARDED_AVAILABILITY = YES_AGGRESSIVE;
				CLANG_WARN_UNREACHABLE_CODE = YES;
				CLANG_WARN__DUPLICATE_METHOD_MATCH = YES;
				CODE_SIGN_IDENTITY = "iPhone Developer";
				COPY_PHASE_STRIP = NO;
				DEBUG_INFORMATION_FORMAT = "dwarf-with-dsym";
				ENABLE_NS_ASSERTIONS = NO;
				ENABLE_STRICT_OBJC_MSGSEND = YES;
				GCC_C_LANGUAGE_STANDARD = gnu11;
				GCC_NO_COMMON_BLOCKS = YES;
				GCC_WARN_64_TO_32_BIT_CONVERSION = YES;
				GCC_WARN_ABOUT_RETURN_TYPE = YES_ERROR;
				GCC_WARN_UNDECLARED_SELECTOR = YES;
				GCC_WARN_UNINITIALIZED_AUTOS = YES_AGGRESSIVE;
				GCC_WARN_UNUSED_FUNCTION = YES;
				GCC_WARN_UNUSED_VARIABLE = YES;
				IPHONEOS_DEPLOYMENT_TARGET = 11.3;
				MTL_ENABLE_DEBUG_INFO = NO;
				SDKROOT = iphoneos;
				SWIFT_COMPILATION_MODE = wholemodule;
				SWIFT_OPTIMIZATION_LEVEL = "-O";
				VALIDATE_PRODUCT = YES;
			};
			name = Release;
		};
		2AE1CB022159807100D5D419 /* Debug */ = {
			isa = XCBuildConfiguration;
			buildSettings = {
				ASSETCATALOG_COMPILER_APPICON_NAME = AppIcon;
				CODE_SIGN_STYLE = Automatic;
				FRAMEWORK_SEARCH_PATHS = (
					"$(inherited)",
					"$(PROJECT_DIR)/Carthage/Build/iOS",
				);
				INFOPLIST_FILE = "NBO Gamification/Info.plist";
				IPHONEOS_DEPLOYMENT_TARGET = 10.0;
				LD_RUNPATH_SEARCH_PATHS = (
					"$(inherited)",
					"@executable_path/Frameworks",
				);
				PRODUCT_BUNDLE_IDENTIFIER = "com.nbogamification.NBO-Gamification";
				PRODUCT_NAME = "$(TARGET_NAME)";
				SWIFT_VERSION = 4.0;
				TARGETED_DEVICE_FAMILY = 1;
			};
			name = Debug;
		};
		2AE1CB032159807100D5D419 /* Release */ = {
			isa = XCBuildConfiguration;
			buildSettings = {
				ASSETCATALOG_COMPILER_APPICON_NAME = AppIcon;
				CODE_SIGN_STYLE = Automatic;
				FRAMEWORK_SEARCH_PATHS = (
					"$(inherited)",
					"$(PROJECT_DIR)/Carthage/Build/iOS",
				);
				INFOPLIST_FILE = "NBO Gamification/Info.plist";
				IPHONEOS_DEPLOYMENT_TARGET = 10.0;
				LD_RUNPATH_SEARCH_PATHS = (
					"$(inherited)",
					"@executable_path/Frameworks",
				);
				PRODUCT_BUNDLE_IDENTIFIER = "com.nbogamification.NBO-Gamification";
				PRODUCT_NAME = "$(TARGET_NAME)";
				SWIFT_VERSION = 4.0;
				TARGETED_DEVICE_FAMILY = 1;
			};
			name = Release;
		};
/* End XCBuildConfiguration section */

/* Begin XCConfigurationList section */
		2AE1CAEA2159806F00D5D419 /* Build configuration list for PBXProject "NBO Gamification" */ = {
			isa = XCConfigurationList;
			buildConfigurations = (
				2AE1CAFF2159807100D5D419 /* Debug */,
				2AE1CB002159807100D5D419 /* Release */,
			);
			defaultConfigurationIsVisible = 0;
			defaultConfigurationName = Release;
		};
		2AE1CB012159807100D5D419 /* Build configuration list for PBXNativeTarget "NBO Gamification" */ = {
			isa = XCConfigurationList;
			buildConfigurations = (
				2AE1CB022159807100D5D419 /* Debug */,
				2AE1CB032159807100D5D419 /* Release */,
			);
			defaultConfigurationIsVisible = 0;
			defaultConfigurationName = Release;
		};
/* End XCConfigurationList section */
	};
	rootObject = 2AE1CAE72159806F00D5D419 /* Project object */;
}
